// !$*UTF8*$!
{
	archiveVersion = 1;
	classes = {
	};
	objectVersion = 50;
	objects = {

/* Begin PBXBuildFile section */
		181EB3FA20AA899A0040B485 /* AppDelegate.m in Sources */ = {isa = PBXBuildFile; fileRef = 181EB3F920AA899A0040B485 /* AppDelegate.m */; };
		181EB3FD20AA899A0040B485 /* ViewController.m in Sources */ = {isa = PBXBuildFile; fileRef = 181EB3FC20AA899A0040B485 /* ViewController.m */; };
		181EB40020AA899A0040B485 /* Main.storyboard in Resources */ = {isa = PBXBuildFile; fileRef = 181EB3FE20AA899A0040B485 /* Main.storyboard */; };
		181EB40220AA899F0040B485 /* Assets.xcassets in Resources */ = {isa = PBXBuildFile; fileRef = 181EB40120AA899F0040B485 /* Assets.xcassets */; };
		181EB40520AA899F0040B485 /* LaunchScreen.storyboard in Resources */ = {isa = PBXBuildFile; fileRef = 181EB40320AA899F0040B485 /* LaunchScreen.storyboard */; };
		181EB40820AA899F0040B485 /* main.m in Sources */ = {isa = PBXBuildFile; fileRef = 181EB40720AA899F0040B485 /* main.m */; };
		181EB41220AA899F0040B485 /* YMTestFilterTests.m in Sources */ = {isa = PBXBuildFile; fileRef = 181EB41120AA899F0040B485 /* YMTestFilterTests.m */; };
		181EB41D20AA899F0040B485 /* YMTestFilterUITests.m in Sources */ = {isa = PBXBuildFile; fileRef = 181EB41C20AA899F0040B485 /* YMTestFilterUITests.m */; };
/* End PBXBuildFile section */

/* Begin PBXContainerItemProxy section */
		181EB40E20AA899F0040B485 /* PBXContainerItemProxy */ = {
			isa = PBXContainerItemProxy;
			containerPortal = 181EB3ED20AA89990040B485 /* Project object */;
			proxyType = 1;
			remoteGlobalIDString = 181EB3F420AA899A0040B485;
			remoteInfo = YMTestFilter;
		};
		181EB41920AA899F0040B485 /* PBXContainerItemProxy */ = {
			isa = PBXContainerItemProxy;
			containerPortal = 181EB3ED20AA89990040B485 /* Project object */;
			proxyType = 1;
			remoteGlobalIDString = 181EB3F420AA899A0040B485;
			remoteInfo = YMTestFilter;
		};
/* End PBXContainerItemProxy section */

/* Begin PBXFileReference section */
		181EB3F520AA899A0040B485 /* YMTestFilter.app */ = {isa = PBXFileReference; explicitFileType = wrapper.application; includeInIndex = 0; path = YMTestFilter.app; sourceTree = BUILT_PRODUCTS_DIR; };
		181EB3F820AA899A0040B485 /* AppDelegate.h */ = {isa = PBXFileReference; lastKnownFileType = sourcecode.c.h; path = AppDelegate.h; sourceTree = "<group>"; };
		181EB3F920AA899A0040B485 /* AppDelegate.m */ = {isa = PBXFileReference; lastKnownFileType = sourcecode.c.objc; path = AppDelegate.m; sourceTree = "<group>"; };
		181EB3FB20AA899A0040B485 /* ViewController.h */ = {isa = PBXFileReference; lastKnownFileType = sourcecode.c.h; path = ViewController.h; sourceTree = "<group>"; };
		181EB3FC20AA899A0040B485 /* ViewController.m */ = {isa = PBXFileReference; lastKnownFileType = sourcecode.c.objc; path = ViewController.m; sourceTree = "<group>"; };
		181EB3FF20AA899A0040B485 /* Base */ = {isa = PBXFileReference; lastKnownFileType = file.storyboard; name = Base; path = Base.lproj/Main.storyboard; sourceTree = "<group>"; };
		181EB40120AA899F0040B485 /* Assets.xcassets */ = {isa = PBXFileReference; lastKnownFileType = folder.assetcatalog; path = Assets.xcassets; sourceTree = "<group>"; };
		181EB40420AA899F0040B485 /* Base */ = {isa = PBXFileReference; lastKnownFileType = file.storyboard; name = Base; path = Base.lproj/LaunchScreen.storyboard; sourceTree = "<group>"; };
		181EB40620AA899F0040B485 /* Info.plist */ = {isa = PBXFileReference; lastKnownFileType = text.plist.xml; path = Info.plist; sourceTree = "<group>"; };
		181EB40720AA899F0040B485 /* main.m */ = {isa = PBXFileReference; lastKnownFileType = sourcecode.c.objc; path = main.m; sourceTree = "<group>"; };
		181EB40D20AA899F0040B485 /* YMTestFilterTests.xctest */ = {isa = PBXFileReference; explicitFileType = wrapper.cfbundle; includeInIndex = 0; path = YMTestFilterTests.xctest; sourceTree = BUILT_PRODUCTS_DIR; };
		181EB41120AA899F0040B485 /* YMTestFilterTests.m */ = {isa = PBXFileReference; lastKnownFileType = sourcecode.c.objc; path = YMTestFilterTests.m; sourceTree = "<group>"; };
		181EB41320AA899F0040B485 /* Info.plist */ = {isa = PBXFileReference; lastKnownFileType = text.plist.xml; path = Info.plist; sourceTree = "<group>"; };
		181EB41820AA899F0040B485 /* YMTestFilterUITests.xctest */ = {isa = PBXFileReference; explicitFileType = wrapper.cfbundle; includeInIndex = 0; path = YMTestFilterUITests.xctest; sourceTree = BUILT_PRODUCTS_DIR; };
		181EB41C20AA899F0040B485 /* YMTestFilterUITests.m */ = {isa = PBXFileReference; lastKnownFileType = sourcecode.c.objc; path = YMTestFilterUITests.m; sourceTree = "<group>"; };
		181EB41E20AA899F0040B485 /* Info.plist */ = {isa = PBXFileReference; lastKnownFileType = text.plist.xml; path = Info.plist; sourceTree = "<group>"; };
/* End PBXFileReference section */

/* Begin PBXFrameworksBuildPhase section */
		181EB3F220AA899A0040B485 /* Frameworks */ = {
			isa = PBXFrameworksBuildPhase;
			buildActionMask = 2147483647;
			files = (
			);
			runOnlyForDeploymentPostprocessing = 0;
		};
		181EB40A20AA899F0040B485 /* Frameworks */ = {
			isa = PBXFrameworksBuildPhase;
			buildActionMask = 2147483647;
			files = (
			);
			runOnlyForDeploymentPostprocessing = 0;
		};
		181EB41520AA899F0040B485 /* Frameworks */ = {
			isa = PBXFrameworksBuildPhase;
			buildActionMask = 2147483647;
			files = (
			);
			runOnlyForDeploymentPostprocessing = 0;
		};
/* End PBXFrameworksBuildPhase section */

/* Begin PBXGroup section */
		181EB3EC20AA89990040B485 = {
			isa = PBXGroup;
			children = (
				181EB3F720AA899A0040B485 /* YMTestFilter */,
				181EB41020AA899F0040B485 /* YMTestFilterTests */,
				181EB41B20AA899F0040B485 /* YMTestFilterUITests */,
				181EB3F620AA899A0040B485 /* Products */,
			);
			sourceTree = "<group>";
		};
		181EB3F620AA899A0040B485 /* Products */ = {
			isa = PBXGroup;
			children = (
				181EB3F520AA899A0040B485 /* YMTestFilter.app */,
				181EB40D20AA899F0040B485 /* YMTestFilterTests.xctest */,
				181EB41820AA899F0040B485 /* YMTestFilterUITests.xctest */,
			);
			name = Products;
			sourceTree = "<group>";
		};
		181EB3F720AA899A0040B485 /* YMTestFilter */ = {
			isa = PBXGroup;
			children = (
				181EB3F820AA899A0040B485 /* AppDelegate.h */,
				181EB3F920AA899A0040B485 /* AppDelegate.m */,
				181EB3FB20AA899A0040B485 /* ViewController.h */,
				181EB3FC20AA899A0040B485 /* ViewController.m */,
				181EB3FE20AA899A0040B485 /* Main.storyboard */,
				181EB40120AA899F0040B485 /* Assets.xcassets */,
				181EB40320AA899F0040B485 /* LaunchScreen.storyboard */,
				181EB40620AA899F0040B485 /* Info.plist */,
				181EB40720AA899F0040B485 /* main.m */,
			);
			path = YMTestFilter;
			sourceTree = "<group>";
		};
		181EB41020AA899F0040B485 /* YMTestFilterTests */ = {
			isa = PBXGroup;
			children = (
				181EB41120AA899F0040B485 /* YMTestFilterTests.m */,
				181EB41320AA899F0040B485 /* Info.plist */,
			);
			path = YMTestFilterTests;
			sourceTree = "<group>";
		};
		181EB41B20AA899F0040B485 /* YMTestFilterUITests */ = {
			isa = PBXGroup;
			children = (
				181EB41C20AA899F0040B485 /* YMTestFilterUITests.m */,
				181EB41E20AA899F0040B485 /* Info.plist */,
			);
			path = YMTestFilterUITests;
			sourceTree = "<group>";
		};
/* End PBXGroup section */

/* Begin PBXNativeTarget section */
		181EB3F420AA899A0040B485 /* YMTestFilter */ = {
			isa = PBXNativeTarget;
			buildConfigurationList = 181EB42120AA899F0040B485 /* Build configuration list for PBXNativeTarget "YMTestFilter" */;
			buildPhases = (
				181EB3F120AA899A0040B485 /* Sources */,
				181EB3F220AA899A0040B485 /* Frameworks */,
				181EB3F320AA899A0040B485 /* Resources */,
			);
			buildRules = (
			);
			dependencies = (
			);
			name = YMTestFilter;
			productName = YMTestFilter;
			productReference = 181EB3F520AA899A0040B485 /* YMTestFilter.app */;
			productType = "com.apple.product-type.application";
		};
		181EB40C20AA899F0040B485 /* YMTestFilterTests */ = {
			isa = PBXNativeTarget;
			buildConfigurationList = 181EB42420AA899F0040B485 /* Build configuration list for PBXNativeTarget "YMTestFilterTests" */;
			buildPhases = (
				181EB40920AA899F0040B485 /* Sources */,
				181EB40A20AA899F0040B485 /* Frameworks */,
				181EB40B20AA899F0040B485 /* Resources */,
			);
			buildRules = (
			);
			dependencies = (
				181EB40F20AA899F0040B485 /* PBXTargetDependency */,
			);
			name = YMTestFilterTests;
			productName = YMTestFilterTests;
			productReference = 181EB40D20AA899F0040B485 /* YMTestFilterTests.xctest */;
			productType = "com.apple.product-type.bundle.unit-test";
		};
		181EB41720AA899F0040B485 /* YMTestFilterUITests */ = {
			isa = PBXNativeTarget;
			buildConfigurationList = 181EB42720AA899F0040B485 /* Build configuration list for PBXNativeTarget "YMTestFilterUITests" */;
			buildPhases = (
				181EB41420AA899F0040B485 /* Sources */,
				181EB41520AA899F0040B485 /* Frameworks */,
				181EB41620AA899F0040B485 /* Resources */,
			);
			buildRules = (
			);
			dependencies = (
				181EB41A20AA899F0040B485 /* PBXTargetDependency */,
			);
			name = YMTestFilterUITests;
			productName = YMTestFilterUITests;
			productReference = 181EB41820AA899F0040B485 /* YMTestFilterUITests.xctest */;
			productType = "com.apple.product-type.bundle.ui-testing";
		};
/* End PBXNativeTarget section */

/* Begin PBXProject section */
		181EB3ED20AA89990040B485 /* Project object */ = {
			isa = PBXProject;
			attributes = {
				LastUpgradeCheck = 0930;
				ORGANIZATIONNAME = apple;
				TargetAttributes = {
					181EB3F420AA899A0040B485 = {
						CreatedOnToolsVersion = 9.3;
					};
					181EB40C20AA899F0040B485 = {
						CreatedOnToolsVersion = 9.3;
						TestTargetID = 181EB3F420AA899A0040B485;
					};
					181EB41720AA899F0040B485 = {
						CreatedOnToolsVersion = 9.3;
						TestTargetID = 181EB3F420AA899A0040B485;
					};
				};
			};
			buildConfigurationList = 181EB3F020AA89990040B485 /* Build configuration list for PBXProject "YMTestFilter" */;
			compatibilityVersion = "Xcode 9.3";
			developmentRegion = en;
			hasScannedForEncodings = 0;
			knownRegions = (
				en,
				Base,
			);
			mainGroup = 181EB3EC20AA89990040B485;
			productRefGroup = 181EB3F620AA899A0040B485 /* Products */;
			projectDirPath = "";
			projectRoot = "";
			targets = (
				181EB3F420AA899A0040B485 /* YMTestFilter */,
				181EB40C20AA899F0040B485 /* YMTestFilterTests */,
				181EB41720AA899F0040B485 /* YMTestFilterUITests */,
			);
		};
/* End PBXProject section */

/* Begin PBXResourcesBuildPhase section */
		181EB3F320AA899A0040B485 /* Resources */ = {
			isa = PBXResourcesBuildPhase;
			buildActionMask = 2147483647;
			files = (
				181EB40520AA899F0040B485 /* LaunchScreen.storyboard in Resources */,
				181EB40220AA899F0040B485 /* Assets.xcassets in Resources */,
				181EB40020AA899A0040B485 /* Main.storyboard in Resources */,
			);
			runOnlyForDeploymentPostprocessing = 0;
		};
		181EB40B20AA899F0040B485 /* Resources */ = {
			isa = PBXResourcesBuildPhase;
			buildActionMask = 2147483647;
			files = (
			);
			runOnlyForDeploymentPostprocessing = 0;
		};
		181EB41620AA899F0040B485 /* Resources */ = {
			isa = PBXResourcesBuildPhase;
			buildActionMask = 2147483647;
			files = (
			);
			runOnlyForDeploymentPostprocessing = 0;
		};
/* End PBXResourcesBuildPhase section */

/* Begin PBXSourcesBuildPhase section */
		181EB3F120AA899A0040B485 /* Sources */ = {
			isa = PBXSourcesBuildPhase;
			buildActionMask = 2147483647;
			files = (
				181EB3FD20AA899A0040B485 /* ViewController.m in Sources */,
				181EB40820AA899F0040B485 /* main.m in Sources */,
				181EB3FA20AA899A0040B485 /* AppDelegate.m in Sources */,
			);
			runOnlyForDeploymentPostprocessing = 0;
		};
		181EB40920AA899F0040B485 /* Sources */ = {
			isa = PBXSourcesBuildPhase;
			buildActionMask = 2147483647;
			files = (
				181EB41220AA899F0040B485 /* YMTestFilterTests.m in Sources */,
			);
			runOnlyForDeploymentPostprocessing = 0;
		};
		181EB41420AA899F0040B485 /* Sources */ = {
			isa = PBXSourcesBuildPhase;
			buildActionMask = 2147483647;
			files = (
				181EB41D20AA899F0040B485 /* YMTestFilterUITests.m in Sources */,
			);
			runOnlyForDeploymentPostprocessing = 0;
		};
/* End PBXSourcesBuildPhase section */

/* Begin PBXTargetDependency section */
		181EB40F20AA899F0040B485 /* PBXTargetDependency */ = {
			isa = PBXTargetDependency;
			target = 181EB3F420AA899A0040B485 /* YMTestFilter */;
			targetProxy = 181EB40E20AA899F0040B485 /* PBXContainerItemProxy */;
		};
		181EB41A20AA899F0040B485 /* PBXTargetDependency */ = {
			isa = PBXTargetDependency;
			target = 181EB3F420AA899A0040B485 /* YMTestFilter */;
			targetProxy = 181EB41920AA899F0040B485 /* PBXContainerItemProxy */;
		};
/* End PBXTargetDependency section */

/* Begin PBXVariantGroup section */
		181EB3FE20AA899A0040B485 /* Main.storyboard */ = {
			isa = PBXVariantGroup;
			children = (
				181EB3FF20AA899A0040B485 /* Base */,
			);
			name = Main.storyboard;
			sourceTree = "<group>";
		};
		181EB40320AA899F0040B485 /* LaunchScreen.storyboard */ = {
			isa = PBXVariantGroup;
			children = (
				181EB40420AA899F0040B485 /* Base */,
			);
			name = LaunchScreen.storyboard;
			sourceTree = "<group>";
		};
/* End PBXVariantGroup section */

/* Begin XCBuildConfiguration section */
		181EB41F20AA899F0040B485 /* Debug */ = {
			isa = XCBuildConfiguration;
			buildSettings = {
				ALWAYS_SEARCH_USER_PATHS = NO;
				CLANG_ANALYZER_NONNULL = YES;
				CLANG_ANALYZER_NUMBER_OBJECT_CONVERSION = YES_AGGRESSIVE;
				CLANG_CXX_LANGUAGE_STANDARD = "gnu++14";
				CLANG_CXX_LIBRARY = "libc++";
				CLANG_ENABLE_MODULES = YES;
				CLANG_ENABLE_OBJC_ARC = YES;
				CLANG_ENABLE_OBJC_WEAK = YES;
				CLANG_WARN_BLOCK_CAPTURE_AUTORELEASING = YES;
				CLANG_WARN_BOOL_CONVERSION = YES;
				CLANG_WARN_COMMA = YES;
				CLANG_WARN_CONSTANT_CONVERSION = YES;
				CLANG_WARN_DEPRECATED_OBJC_IMPLEMENTATIONS = YES;
				CLANG_WARN_DIRECT_OBJC_ISA_USAGE = YES_ERROR;
				CLANG_WARN_DOCUMENTATION_COMMENTS = YES;
				CLANG_WARN_EMPTY_BODY = YES;
				CLANG_WARN_ENUM_CONVERSION = YES;
				CLANG_WARN_INFINITE_RECURSION = YES;
				CLANG_WARN_INT_CONVERSION = YES;
				CLANG_WARN_NON_LITERAL_NULL_CONVERSION = YES;
				CLANG_WARN_OBJC_IMPLICIT_RETAIN_SELF = YES;
				CLANG_WARN_OBJC_LITERAL_CONVERSION = YES;
				CLANG_WARN_OBJC_ROOT_CLASS = YES_ERROR;
				CLANG_WARN_RANGE_LOOP_ANALYSIS = YES;
				CLANG_WARN_STRICT_PROTOTYPES = YES;
				CLANG_WARN_SUSPICIOUS_MOVE = YES;
				CLANG_WARN_UNGUARDED_AVAILABILITY = YES_AGGRESSIVE;
				CLANG_WARN_UNREACHABLE_CODE = YES;
				CLANG_WARN__DUPLICATE_METHOD_MATCH = YES;
				CODE_SIGN_IDENTITY = "iPhone Developer";
				COPY_PHASE_STRIP = NO;
				DEBUG_INFORMATION_FORMAT = dwarf;
				ENABLE_STRICT_OBJC_MSGSEND = YES;
				ENABLE_TESTABILITY = YES;
				GCC_C_LANGUAGE_STANDARD = gnu11;
				GCC_DYNAMIC_NO_PIC = NO;
				GCC_NO_COMMON_BLOCKS = YES;
				GCC_OPTIMIZATION_LEVEL = 0;
				GCC_PREPROCESSOR_DEFINITIONS = (
					"DEBUG=1",
					"$(inherited)",
				);
				GCC_WARN_64_TO_32_BIT_CONVERSION = YES;
				GCC_WARN_ABOUT_RETURN_TYPE = YES_ERROR;
				GCC_WARN_UNDECLARED_SELECTOR = YES;
				GCC_WARN_UNINITIALIZED_AUTOS = YES_AGGRESSIVE;
				GCC_WARN_UNUSED_FUNCTION = YES;
				GCC_WARN_UNUSED_VARIABLE = YES;
				IPHONEOS_DEPLOYMENT_TARGET = 11.3;
				MTL_ENABLE_DEBUG_INFO = YES;
				ONLY_ACTIVE_ARCH = YES;
				SDKROOT = iphoneos;
			};
			name = Debug;
		};
		181EB42020AA899F0040B485 /* Release */ = {
			isa = XCBuildConfiguration;
			buildSettings = {
				ALWAYS_SEARCH_USER_PATHS = NO;
				CLANG_ANALYZER_NONNULL = YES;
				CLANG_ANALYZER_NUMBER_OBJECT_CONVERSION = YES_AGGRESSIVE;
				CLANG_CXX_LANGUAGE_STANDARD = "gnu++14";
				CLANG_CXX_LIBRARY = "libc++";
				CLANG_ENABLE_MODULES = YES;
				CLANG_ENABLE_OBJC_ARC = YES;
				CLANG_ENABLE_OBJC_WEAK = YES;
				CLANG_WARN_BLOCK_CAPTURE_AUTORELEASING = YES;
				CLANG_WARN_BOOL_CONVERSION = YES;
				CLANG_WARN_COMMA = YES;
				CLANG_WARN_CONSTANT_CONVERSION = YES;
				CLANG_WARN_DEPRECATED_OBJC_IMPLEMENTATIONS = YES;
				CLANG_WARN_DIRECT_OBJC_ISA_USAGE = YES_ERROR;
				CLANG_WARN_DOCUMENTATION_COMMENTS = YES;
				CLANG_WARN_EMPTY_BODY = YES;
				CLANG_WARN_ENUM_CONVERSION = YES;
				CLANG_WARN_INFINITE_RECURSION = YES;
				CLANG_WARN_INT_CONVERSION = YES;
				CLANG_WARN_NON_LITERAL_NULL_CONVERSION = YES;
				CLANG_WARN_OBJC_IMPLICIT_RETAIN_SELF = YES;
				CLANG_WARN_OBJC_LITERAL_CONVERSION = YES;
				CLANG_WARN_OBJC_ROOT_CLASS = YES_ERROR;
				CLANG_WARN_RANGE_LOOP_ANALYSIS = YES;
				CLANG_WARN_STRICT_PROTOTYPES = YES;
				CLANG_WARN_SUSPICIOUS_MOVE = YES;
				CLANG_WARN_UNGUARDED_AVAILABILITY = YES_AGGRESSIVE;
				CLANG_WARN_UNREACHABLE_CODE = YES;
				CLANG_WARN__DUPLICATE_METHOD_MATCH = YES;
				CODE_SIGN_IDENTITY = "iPhone Developer";
				COPY_PHASE_STRIP = NO;
				DEBUG_INFORMATION_FORMAT = "dwarf-with-dsym";
				ENABLE_NS_ASSERTIONS = NO;
				ENABLE_STRICT_OBJC_MSGSEND = YES;
				GCC_C_LANGUAGE_STANDARD = gnu11;
				GCC_NO_COMMON_BLOCKS = YES;
				GCC_WARN_64_TO_32_BIT_CONVERSION = YES;
				GCC_WARN_ABOUT_RETURN_TYPE = YES_ERROR;
				GCC_WARN_UNDECLARED_SELECTOR = YES;
				GCC_WARN_UNINITIALIZED_AUTOS = YES_AGGRESSIVE;
				GCC_WARN_UNUSED_FUNCTION = YES;
				GCC_WARN_UNUSED_VARIABLE = YES;
				IPHONEOS_DEPLOYMENT_TARGET = 11.3;
				MTL_ENABLE_DEBUG_INFO = NO;
				SDKROOT = iphoneos;
				VALIDATE_PRODUCT = YES;
			};
			name = Release;
		};
		181EB42220AA899F0040B485 /* Debug */ = {
			isa = XCBuildConfiguration;
			buildSettings = {
				ASSETCATALOG_COMPILER_APPICON_NAME = AppIcon;
				CODE_SIGN_STYLE = Automatic;
				DEVELOPMENT_TEAM = 29W9687J6A;
				INFOPLIST_FILE = YMTestFilter/Info.plist;
				LD_RUNPATH_SEARCH_PATHS = (
					"$(inherited)",
					"@executable_path/Frameworks",
				);
				PRODUCT_BUNDLE_IDENTIFIER = com.YM.YMTestFilter;
				PRODUCT_NAME = "$(TARGET_NAME)";
				TARGETED_DEVICE_FAMILY = "1,2";
			};
			name = Debug;
		};
		181EB42320AA899F0040B485 /* Release */ = {
			isa = XCBuildConfiguration;
			buildSettings = {
				ASSETCATALOG_COMPILER_APPICON_NAME = AppIcon;
				CODE_SIGN_STYLE = Automatic;
				DEVELOPMENT_TEAM = 29W9687J6A;
				INFOPLIST_FILE = YMTestFilter/Info.plist;
				LD_RUNPATH_SEARCH_PATHS = (
					"$(inherited)",
					"@executable_path/Frameworks",
				);
				PRODUCT_BUNDLE_IDENTIFIER = com.YM.YMTestFilter;
				PRODUCT_NAME = "$(TARGET_NAME)";
				TARGETED_DEVICE_FAMILY = "1,2";
			};
			name = Release;
		};
		181EB42520AA899F0040B485 /* Debug */ = {
			isa = XCBuildConfiguration;
			buildSettings = {
				BUNDLE_LOADER = "$(TEST_HOST)";
				CODE_SIGN_STYLE = Automatic;
				DEVELOPMENT_TEAM = 29W9687J6A;
				INFOPLIST_FILE = YMTestFilterTests/Info.plist;
				LD_RUNPATH_SEARCH_PATHS = (
					"$(inherited)",
					"@executable_path/Frameworks",
					"@loader_path/Frameworks",
				);
				PRODUCT_BUNDLE_IDENTIFIER = com.YM.YMTestFilterTests;
				PRODUCT_NAME = "$(TARGET_NAME)";
				TARGETED_DEVICE_FAMILY = "1,2";
				TEST_HOST = "$(BUILT_PRODUCTS_DIR)/YMTestFilter.app/YMTestFilter";
			};
			name = Debug;
		};
		181EB42620AA899F0040B485 /* Release */ = {
			isa = XCBuildConfiguration;
			buildSettings = {
				BUNDLE_LOADER = "$(TEST_HOST)";
				CODE_SIGN_STYLE = Automatic;
				DEVELOPMENT_TEAM = 29W9687J6A;
				INFOPLIST_FILE = YMTestFilterTests/Info.plist;
				LD_RUNPATH_SEARCH_PATHS = (
					"$(inherited)",
					"@executable_path/Frameworks",
					"@loader_path/Frameworks",
				);
				PRODUCT_BUNDLE_IDENTIFIER = com.YM.YMTestFilterTests;
				PRODUCT_NAME = "$(TARGET_NAME)";
				TARGETED_DEVICE_FAMILY = "1,2";
				TEST_HOST = "$(BUILT_PRODUCTS_DIR)/YMTestFilter.app/YMTestFilter";
			};
			name = Release;
		};
		181EB42820AA899F0040B485 /* Debug */ = {
			isa = XCBuildConfiguration;
			buildSettings = {
				CODE_SIGN_STYLE = Automatic;
				DEVELOPMENT_TEAM = 29W9687J6A;
				INFOPLIST_FILE = YMTestFilterUITests/Info.plist;
				LD_RUNPATH_SEARCH_PATHS = (
					"$(inherited)",
					"@executable_path/Frameworks",
					"@loader_path/Frameworks",
				);
				PRODUCT_BUNDLE_IDENTIFIER = com.YM.YMTestFilterUITests;
				PRODUCT_NAME = "$(TARGET_NAME)";
				TARGETED_DEVICE_FAMILY = "1,2";
				TEST_TARGET_NAME = YMTestFilter;
			};
			name = Debug;
		};
		181EB42920AA899F0040B485 /* Release */ = {
			isa = XCBuildConfiguration;
			buildSettings = {
				CODE_SIGN_STYLE = Automatic;
				DEVELOPMENT_TEAM = 29W9687J6A;
				INFOPLIST_FILE = YMTestFilterUITests/Info.plist;
				LD_RUNPATH_SEARCH_PATHS = (
					"$(inherited)",
					"@executable_path/Frameworks",
					"@loader_path/Frameworks",
				);
				PRODUCT_BUNDLE_IDENTIFIER = com.YM.YMTestFilterUITests;
				PRODUCT_NAME = "$(TARGET_NAME)";
				TARGETED_DEVICE_FAMILY = "1,2";
				TEST_TARGET_NAME = YMTestFilter;
			};
			name = Release;
		};
/* End XCBuildConfiguration section */

/* Begin XCConfigurationList section */
		181EB3F020AA89990040B485 /* Build configuration list for PBXProject "YMTestFilter" */ = {
			isa = XCConfigurationList;
			buildConfigurations = (
				181EB41F20AA899F0040B485 /* Debug */,
				181EB42020AA899F0040B485 /* Release */,
			);
			defaultConfigurationIsVisible = 0;
			defaultConfigurationName = Release;
		};
		181EB42120AA899F0040B485 /* Build configuration list for PBXNativeTarget "YMTestFilter" */ = {
			isa = XCConfigurationList;
			buildConfigurations = (
				181EB42220AA899F0040B485 /* Debug */,
				181EB42320AA899F0040B485 /* Release */,
			);
			defaultConfigurationIsVisible = 0;
			defaultConfigurationName = Release;
		};
		181EB42420AA899F0040B485 /* Build configuration list for PBXNativeTarget "YMTestFilterTests" */ = {
			isa = XCConfigurationList;
			buildConfigurations = (
				181EB42520AA899F0040B485 /* Debug */,
				181EB42620AA899F0040B485 /* Release */,
			);
			defaultConfigurationIsVisible = 0;
			defaultConfigurationName = Release;
		};
		181EB42720AA899F0040B485 /* Build configuration list for PBXNativeTarget "YMTestFilterUITests" */ = {
			isa = XCConfigurationList;
			buildConfigurations = (
				181EB42820AA899F0040B485 /* Debug */,
				181EB42920AA899F0040B485 /* Release */,
			);
			defaultConfigurationIsVisible = 0;
			defaultConfigurationName = Release;
		};
/* End XCConfigurationList section */
	};
	rootObject = 181EB3ED20AA89990040B485 /* Project object */;
}
