// !$*UTF8*$!
{
	archiveVersion = 1;
	classes = {
	};
	objectVersion = 50;
	objects = {

/* Begin PBXBuildFile section */
		1832C2B620A17FE400D671ED /* AppDelegate.m in Sources */ = {isa = PBXBuildFile; fileRef = 1832C2B520A17FE400D671ED /* AppDelegate.m */; };
		1832C2B920A17FE400D671ED /* ViewController.m in Sources */ = {isa = PBXBuildFile; fileRef = 1832C2B820A17FE400D671ED /* ViewController.m */; };
		1832C2BC20A17FE400D671ED /* Main.storyboard in Resources */ = {isa = PBXBuildFile; fileRef = 1832C2BA20A17FE400D671ED /* Main.storyboard */; };
		1832C2BE20A17FE700D671ED /* Assets.xcassets in Resources */ = {isa = PBXBuildFile; fileRef = 1832C2BD20A17FE700D671ED /* Assets.xcassets */; };
		1832C2C120A17FE700D671ED /* LaunchScreen.storyboard in Resources */ = {isa = PBXBuildFile; fileRef = 1832C2BF20A17FE700D671ED /* LaunchScreen.storyboard */; };
		1832C2C420A17FE700D671ED /* main.m in Sources */ = {isa = PBXBuildFile; fileRef = 1832C2C320A17FE700D671ED /* main.m */; };
		1832C2CE20A17FE700D671ED /* YMTestPushTests.m in Sources */ = {isa = PBXBuildFile; fileRef = 1832C2CD20A17FE700D671ED /* YMTestPushTests.m */; };
		1832C2D920A17FE700D671ED /* YMTestPushUITests.m in Sources */ = {isa = PBXBuildFile; fileRef = 1832C2D820A17FE700D671ED /* YMTestPushUITests.m */; };
		1832C30620A1818700D671ED /* MLCertificateModel.m in Sources */ = {isa = PBXBuildFile; fileRef = 1832C30520A1818700D671ED /* MLCertificateModel.m */; };
		1832C30820A181C000D671ED /* YMDev.p12 in Resources */ = {isa = PBXBuildFile; fileRef = 1832C30720A181C000D671ED /* YMDev.p12 */; };
		1832C30B20A195D500D671ED /* Security.framework in Frameworks */ = {isa = PBXBuildFile; fileRef = 1832C30A20A195D500D671ED /* Security.framework */; };
/* End PBXBuildFile section */

/* Begin PBXContainerItemProxy section */
		1832C2CA20A17FE700D671ED /* PBXContainerItemProxy */ = {
			isa = PBXContainerItemProxy;
			containerPortal = 1832C2A920A17FE400D671ED /* Project object */;
			proxyType = 1;
			remoteGlobalIDString = 1832C2B020A17FE400D671ED;
			remoteInfo = YMTestPush;
		};
		1832C2D520A17FE700D671ED /* PBXContainerItemProxy */ = {
			isa = PBXContainerItemProxy;
			containerPortal = 1832C2A920A17FE400D671ED /* Project object */;
			proxyType = 1;
			remoteGlobalIDString = 1832C2B020A17FE400D671ED;
			remoteInfo = YMTestPush;
		};
/* End PBXContainerItemProxy section */

/* Begin PBXFileReference section */
		1832C2B120A17FE400D671ED /* YMTestPush.app */ = {isa = PBXFileReference; explicitFileType = wrapper.application; includeInIndex = 0; path = YMTestPush.app; sourceTree = BUILT_PRODUCTS_DIR; };
		1832C2B420A17FE400D671ED /* AppDelegate.h */ = {isa = PBXFileReference; lastKnownFileType = sourcecode.c.h; path = AppDelegate.h; sourceTree = "<group>"; };
		1832C2B520A17FE400D671ED /* AppDelegate.m */ = {isa = PBXFileReference; lastKnownFileType = sourcecode.c.objc; path = AppDelegate.m; sourceTree = "<group>"; };
		1832C2B720A17FE400D671ED /* ViewController.h */ = {isa = PBXFileReference; lastKnownFileType = sourcecode.c.h; path = ViewController.h; sourceTree = "<group>"; };
		1832C2B820A17FE400D671ED /* ViewController.m */ = {isa = PBXFileReference; lastKnownFileType = sourcecode.c.objc; path = ViewController.m; sourceTree = "<group>"; };
		1832C2BB20A17FE400D671ED /* Base */ = {isa = PBXFileReference; lastKnownFileType = file.storyboard; name = Base; path = Base.lproj/Main.storyboard; sourceTree = "<group>"; };
		1832C2BD20A17FE700D671ED /* Assets.xcassets */ = {isa = PBXFileReference; lastKnownFileType = folder.assetcatalog; path = Assets.xcassets; sourceTree = "<group>"; };
		1832C2C020A17FE700D671ED /* Base */ = {isa = PBXFileReference; lastKnownFileType = file.storyboard; name = Base; path = Base.lproj/LaunchScreen.storyboard; sourceTree = "<group>"; };
		1832C2C220A17FE700D671ED /* Info.plist */ = {isa = PBXFileReference; lastKnownFileType = text.plist.xml; path = Info.plist; sourceTree = "<group>"; };
		1832C2C320A17FE700D671ED /* main.m */ = {isa = PBXFileReference; lastKnownFileType = sourcecode.c.objc; path = main.m; sourceTree = "<group>"; };
		1832C2C920A17FE700D671ED /* YMTestPushTests.xctest */ = {isa = PBXFileReference; explicitFileType = wrapper.cfbundle; includeInIndex = 0; path = YMTestPushTests.xctest; sourceTree = BUILT_PRODUCTS_DIR; };
		1832C2CD20A17FE700D671ED /* YMTestPushTests.m */ = {isa = PBXFileReference; lastKnownFileType = sourcecode.c.objc; path = YMTestPushTests.m; sourceTree = "<group>"; };
		1832C2CF20A17FE700D671ED /* Info.plist */ = {isa = PBXFileReference; lastKnownFileType = text.plist.xml; path = Info.plist; sourceTree = "<group>"; };
		1832C2D420A17FE700D671ED /* YMTestPushUITests.xctest */ = {isa = PBXFileReference; explicitFileType = wrapper.cfbundle; includeInIndex = 0; path = YMTestPushUITests.xctest; sourceTree = BUILT_PRODUCTS_DIR; };
		1832C2D820A17FE700D671ED /* YMTestPushUITests.m */ = {isa = PBXFileReference; lastKnownFileType = sourcecode.c.objc; path = YMTestPushUITests.m; sourceTree = "<group>"; };
		1832C2DA20A17FE700D671ED /* Info.plist */ = {isa = PBXFileReference; lastKnownFileType = text.plist.xml; path = Info.plist; sourceTree = "<group>"; };
		1832C30420A1818700D671ED /* MLCertificateModel.h */ = {isa = PBXFileReference; lastKnownFileType = sourcecode.c.h; path = MLCertificateModel.h; sourceTree = "<group>"; };
		1832C30520A1818700D671ED /* MLCertificateModel.m */ = {isa = PBXFileReference; lastKnownFileType = sourcecode.c.objc; path = MLCertificateModel.m; sourceTree = "<group>"; };
		1832C30720A181C000D671ED /* YMDev.p12 */ = {isa = PBXFileReference; lastKnownFileType = file; path = YMDev.p12; sourceTree = "<group>"; };
		1832C30A20A195D500D671ED /* Security.framework */ = {isa = PBXFileReference; lastKnownFileType = wrapper.framework; name = Security.framework; path = System/Library/Frameworks/Security.framework; sourceTree = SDKROOT; };
/* End PBXFileReference section */

/* Begin PBXFrameworksBuildPhase section */
		1832C2AE20A17FE400D671ED /* Frameworks */ = {
			isa = PBXFrameworksBuildPhase;
			buildActionMask = 2147483647;
			files = (
				1832C30B20A195D500D671ED /* Security.framework in Frameworks */,
			);
			runOnlyForDeploymentPostprocessing = 0;
		};
		1832C2C620A17FE700D671ED /* Frameworks */ = {
			isa = PBXFrameworksBuildPhase;
			buildActionMask = 2147483647;
			files = (
			);
			runOnlyForDeploymentPostprocessing = 0;
		};
		1832C2D120A17FE700D671ED /* Frameworks */ = {
			isa = PBXFrameworksBuildPhase;
			buildActionMask = 2147483647;
			files = (
			);
			runOnlyForDeploymentPostprocessing = 0;
		};
/* End PBXFrameworksBuildPhase section */

/* Begin PBXGroup section */
		1832C2A820A17FE400D671ED = {
			isa = PBXGroup;
			children = (
				1832C2B320A17FE400D671ED /* YMTestPush */,
				1832C2CC20A17FE700D671ED /* YMTestPushTests */,
				1832C2D720A17FE700D671ED /* YMTestPushUITests */,
				1832C2B220A17FE400D671ED /* Products */,
				1832C30920A195D400D671ED /* Frameworks */,
			);
			sourceTree = "<group>";
		};
		1832C2B220A17FE400D671ED /* Products */ = {
			isa = PBXGroup;
			children = (
				1832C2B120A17FE400D671ED /* YMTestPush.app */,
				1832C2C920A17FE700D671ED /* YMTestPushTests.xctest */,
				1832C2D420A17FE700D671ED /* YMTestPushUITests.xctest */,
			);
			name = Products;
			sourceTree = "<group>";
		};
		1832C2B320A17FE400D671ED /* YMTestPush */ = {
			isa = PBXGroup;
			children = (
				1832C30120A1813D00D671ED /* Controller */,
				1832C30220A1813D00D671ED /* Model */,
				1832C2FF20A1813D00D671ED /* Resources */,
				1832C30320A1813D00D671ED /* View */,
				1832C2B420A17FE400D671ED /* AppDelegate.h */,
				1832C2B520A17FE400D671ED /* AppDelegate.m */,
				1832C2BA20A17FE400D671ED /* Main.storyboard */,
				1832C2BD20A17FE700D671ED /* Assets.xcassets */,
				1832C2BF20A17FE700D671ED /* LaunchScreen.storyboard */,
				1832C2C220A17FE700D671ED /* Info.plist */,
				1832C2C320A17FE700D671ED /* main.m */,
			);
			path = YMTestPush;
			sourceTree = "<group>";
		};
		1832C2CC20A17FE700D671ED /* YMTestPushTests */ = {
			isa = PBXGroup;
			children = (
				1832C2CD20A17FE700D671ED /* YMTestPushTests.m */,
				1832C2CF20A17FE700D671ED /* Info.plist */,
			);
			path = YMTestPushTests;
			sourceTree = "<group>";
		};
		1832C2D720A17FE700D671ED /* YMTestPushUITests */ = {
			isa = PBXGroup;
			children = (
				1832C2D820A17FE700D671ED /* YMTestPushUITests.m */,
				1832C2DA20A17FE700D671ED /* Info.plist */,
			);
			path = YMTestPushUITests;
			sourceTree = "<group>";
		};
		1832C2FF20A1813D00D671ED /* Resources */ = {
			isa = PBXGroup;
			children = (
				1832C30020A1813D00D671ED /* Certificate */,
			);
			path = Resources;
			sourceTree = "<group>";
		};
		1832C30020A1813D00D671ED /* Certificate */ = {
			isa = PBXGroup;
			children = (
				1832C30720A181C000D671ED /* YMDev.p12 */,
			);
			path = Certificate;
			sourceTree = "<group>";
		};
		1832C30120A1813D00D671ED /* Controller */ = {
			isa = PBXGroup;
			children = (
				1832C2B720A17FE400D671ED /* ViewController.h */,
				1832C2B820A17FE400D671ED /* ViewController.m */,
			);
			path = Controller;
			sourceTree = "<group>";
		};
		1832C30220A1813D00D671ED /* Model */ = {
			isa = PBXGroup;
			children = (
				1832C30420A1818700D671ED /* MLCertificateModel.h */,
				1832C30520A1818700D671ED /* MLCertificateModel.m */,
			);
			path = Model;
			sourceTree = "<group>";
		};
		1832C30320A1813D00D671ED /* View */ = {
			isa = PBXGroup;
			children = (
			);
			path = View;
			sourceTree = "<group>";
		};
		1832C30920A195D400D671ED /* Frameworks */ = {
			isa = PBXGroup;
			children = (
				1832C30A20A195D500D671ED /* Security.framework */,
			);
			name = Frameworks;
			sourceTree = "<group>";
		};
/* End PBXGroup section */

/* Begin PBXNativeTarget section */
		1832C2B020A17FE400D671ED /* YMTestPush */ = {
			isa = PBXNativeTarget;
			buildConfigurationList = 1832C2DD20A17FE800D671ED /* Build configuration list for PBXNativeTarget "YMTestPush" */;
			buildPhases = (
				1832C2AD20A17FE400D671ED /* Sources */,
				1832C2AE20A17FE400D671ED /* Frameworks */,
				1832C2AF20A17FE400D671ED /* Resources */,
			);
			buildRules = (
			);
			dependencies = (
			);
			name = YMTestPush;
			productName = YMTestPush;
			productReference = 1832C2B120A17FE400D671ED /* YMTestPush.app */;
			productType = "com.apple.product-type.application";
		};
		1832C2C820A17FE700D671ED /* YMTestPushTests */ = {
			isa = PBXNativeTarget;
			buildConfigurationList = 1832C2E020A17FE800D671ED /* Build configuration list for PBXNativeTarget "YMTestPushTests" */;
			buildPhases = (
				1832C2C520A17FE700D671ED /* Sources */,
				1832C2C620A17FE700D671ED /* Frameworks */,
				1832C2C720A17FE700D671ED /* Resources */,
			);
			buildRules = (
			);
			dependencies = (
				1832C2CB20A17FE700D671ED /* PBXTargetDependency */,
			);
			name = YMTestPushTests;
			productName = YMTestPushTests;
			productReference = 1832C2C920A17FE700D671ED /* YMTestPushTests.xctest */;
			productType = "com.apple.product-type.bundle.unit-test";
		};
		1832C2D320A17FE700D671ED /* YMTestPushUITests */ = {
			isa = PBXNativeTarget;
			buildConfigurationList = 1832C2E320A17FE800D671ED /* Build configuration list for PBXNativeTarget "YMTestPushUITests" */;
			buildPhases = (
				1832C2D020A17FE700D671ED /* Sources */,
				1832C2D120A17FE700D671ED /* Frameworks */,
				1832C2D220A17FE700D671ED /* Resources */,
			);
			buildRules = (
			);
			dependencies = (
				1832C2D620A17FE700D671ED /* PBXTargetDependency */,
			);
			name = YMTestPushUITests;
			productName = YMTestPushUITests;
			productReference = 1832C2D420A17FE700D671ED /* YMTestPushUITests.xctest */;
			productType = "com.apple.product-type.bundle.ui-testing";
		};
/* End PBXNativeTarget section */

/* Begin PBXProject section */
		1832C2A920A17FE400D671ED /* Project object */ = {
			isa = PBXProject;
			attributes = {
				LastUpgradeCheck = 0930;
				ORGANIZATIONNAME = apple;
				TargetAttributes = {
					1832C2B020A17FE400D671ED = {
						CreatedOnToolsVersion = 9.3;
					};
					1832C2C820A17FE700D671ED = {
						CreatedOnToolsVersion = 9.3;
						TestTargetID = 1832C2B020A17FE400D671ED;
					};
					1832C2D320A17FE700D671ED = {
						CreatedOnToolsVersion = 9.3;
						TestTargetID = 1832C2B020A17FE400D671ED;
					};
				};
			};
			buildConfigurationList = 1832C2AC20A17FE400D671ED /* Build configuration list for PBXProject "YMTestPush" */;
			compatibilityVersion = "Xcode 9.3";
			developmentRegion = en;
			hasScannedForEncodings = 0;
			knownRegions = (
				en,
				Base,
			);
			mainGroup = 1832C2A820A17FE400D671ED;
			productRefGroup = 1832C2B220A17FE400D671ED /* Products */;
			projectDirPath = "";
			projectRoot = "";
			targets = (
				1832C2B020A17FE400D671ED /* YMTestPush */,
				1832C2C820A17FE700D671ED /* YMTestPushTests */,
				1832C2D320A17FE700D671ED /* YMTestPushUITests */,
			);
		};
/* End PBXProject section */

/* Begin PBXResourcesBuildPhase section */
		1832C2AF20A17FE400D671ED /* Resources */ = {
			isa = PBXResourcesBuildPhase;
			buildActionMask = 2147483647;
			files = (
				1832C2C120A17FE700D671ED /* LaunchScreen.storyboard in Resources */,
				1832C2BE20A17FE700D671ED /* Assets.xcassets in Resources */,
				1832C2BC20A17FE400D671ED /* Main.storyboard in Resources */,
				1832C30820A181C000D671ED /* YMDev.p12 in Resources */,
			);
			runOnlyForDeploymentPostprocessing = 0;
		};
		1832C2C720A17FE700D671ED /* Resources */ = {
			isa = PBXResourcesBuildPhase;
			buildActionMask = 2147483647;
			files = (
			);
			runOnlyForDeploymentPostprocessing = 0;
		};
		1832C2D220A17FE700D671ED /* Resources */ = {
			isa = PBXResourcesBuildPhase;
			buildActionMask = 2147483647;
			files = (
			);
			runOnlyForDeploymentPostprocessing = 0;
		};
/* End PBXResourcesBuildPhase section */

/* Begin PBXSourcesBuildPhase section */
		1832C2AD20A17FE400D671ED /* Sources */ = {
			isa = PBXSourcesBuildPhase;
			buildActionMask = 2147483647;
			files = (
				1832C30620A1818700D671ED /* MLCertificateModel.m in Sources */,
				1832C2B920A17FE400D671ED /* ViewController.m in Sources */,
				1832C2C420A17FE700D671ED /* main.m in Sources */,
				1832C2B620A17FE400D671ED /* AppDelegate.m in Sources */,
			);
			runOnlyForDeploymentPostprocessing = 0;
		};
		1832C2C520A17FE700D671ED /* Sources */ = {
			isa = PBXSourcesBuildPhase;
			buildActionMask = 2147483647;
			files = (
				1832C2CE20A17FE700D671ED /* YMTestPushTests.m in Sources */,
			);
			runOnlyForDeploymentPostprocessing = 0;
		};
		1832C2D020A17FE700D671ED /* Sources */ = {
			isa = PBXSourcesBuildPhase;
			buildActionMask = 2147483647;
			files = (
				1832C2D920A17FE700D671ED /* YMTestPushUITests.m in Sources */,
			);
			runOnlyForDeploymentPostprocessing = 0;
		};
/* End PBXSourcesBuildPhase section */

/* Begin PBXTargetDependency section */
		1832C2CB20A17FE700D671ED /* PBXTargetDependency */ = {
			isa = PBXTargetDependency;
			target = 1832C2B020A17FE400D671ED /* YMTestPush */;
			targetProxy = 1832C2CA20A17FE700D671ED /* PBXContainerItemProxy */;
		};
		1832C2D620A17FE700D671ED /* PBXTargetDependency */ = {
			isa = PBXTargetDependency;
			target = 1832C2B020A17FE400D671ED /* YMTestPush */;
			targetProxy = 1832C2D520A17FE700D671ED /* PBXContainerItemProxy */;
		};
/* End PBXTargetDependency section */

/* Begin PBXVariantGroup section */
		1832C2BA20A17FE400D671ED /* Main.storyboard */ = {
			isa = PBXVariantGroup;
			children = (
				1832C2BB20A17FE400D671ED /* Base */,
			);
			name = Main.storyboard;
			sourceTree = "<group>";
		};
		1832C2BF20A17FE700D671ED /* LaunchScreen.storyboard */ = {
			isa = PBXVariantGroup;
			children = (
				1832C2C020A17FE700D671ED /* Base */,
			);
			name = LaunchScreen.storyboard;
			sourceTree = "<group>";
		};
/* End PBXVariantGroup section */

/* Begin XCBuildConfiguration section */
		1832C2DB20A17FE800D671ED /* Debug */ = {
			isa = XCBuildConfiguration;
			buildSettings = {
				ALWAYS_SEARCH_USER_PATHS = NO;
				CLANG_ANALYZER_NONNULL = YES;
				CLANG_ANALYZER_NUMBER_OBJECT_CONVERSION = YES_AGGRESSIVE;
				CLANG_CXX_LANGUAGE_STANDARD = "gnu++14";
				CLANG_CXX_LIBRARY = "libc++";
				CLANG_ENABLE_MODULES = YES;
				CLANG_ENABLE_OBJC_ARC = YES;
				CLANG_ENABLE_OBJC_WEAK = YES;
				CLANG_WARN_BLOCK_CAPTURE_AUTORELEASING = YES;
				CLANG_WARN_BOOL_CONVERSION = YES;
				CLANG_WARN_COMMA = YES;
				CLANG_WARN_CONSTANT_CONVERSION = YES;
				CLANG_WARN_DEPRECATED_OBJC_IMPLEMENTATIONS = YES;
				CLANG_WARN_DIRECT_OBJC_ISA_USAGE = YES_ERROR;
				CLANG_WARN_DOCUMENTATION_COMMENTS = YES;
				CLANG_WARN_EMPTY_BODY = YES;
				CLANG_WARN_ENUM_CONVERSION = YES;
				CLANG_WARN_INFINITE_RECURSION = YES;
				CLANG_WARN_INT_CONVERSION = YES;
				CLANG_WARN_NON_LITERAL_NULL_CONVERSION = YES;
				CLANG_WARN_OBJC_IMPLICIT_RETAIN_SELF = YES;
				CLANG_WARN_OBJC_LITERAL_CONVERSION = YES;
				CLANG_WARN_OBJC_ROOT_CLASS = YES_ERROR;
				CLANG_WARN_RANGE_LOOP_ANALYSIS = YES;
				CLANG_WARN_STRICT_PROTOTYPES = YES;
				CLANG_WARN_SUSPICIOUS_MOVE = YES;
				CLANG_WARN_UNGUARDED_AVAILABILITY = YES_AGGRESSIVE;
				CLANG_WARN_UNREACHABLE_CODE = YES;
				CLANG_WARN__DUPLICATE_METHOD_MATCH = YES;
				CODE_SIGN_IDENTITY = "iPhone Developer";
				COPY_PHASE_STRIP = NO;
				DEBUG_INFORMATION_FORMAT = dwarf;
				ENABLE_STRICT_OBJC_MSGSEND = YES;
				ENABLE_TESTABILITY = YES;
				GCC_C_LANGUAGE_STANDARD = gnu11;
				GCC_DYNAMIC_NO_PIC = NO;
				GCC_NO_COMMON_BLOCKS = YES;
				GCC_OPTIMIZATION_LEVEL = 0;
				GCC_PREPROCESSOR_DEFINITIONS = (
					"DEBUG=1",
					"$(inherited)",
				);
				GCC_WARN_64_TO_32_BIT_CONVERSION = YES;
				GCC_WARN_ABOUT_RETURN_TYPE = YES_ERROR;
				GCC_WARN_UNDECLARED_SELECTOR = YES;
				GCC_WARN_UNINITIALIZED_AUTOS = YES_AGGRESSIVE;
				GCC_WARN_UNUSED_FUNCTION = YES;
				GCC_WARN_UNUSED_VARIABLE = YES;
				IPHONEOS_DEPLOYMENT_TARGET = 11.3;
				MTL_ENABLE_DEBUG_INFO = YES;
				ONLY_ACTIVE_ARCH = YES;
				SDKROOT = iphoneos;
			};
			name = Debug;
		};
		1832C2DC20A17FE800D671ED /* Release */ = {
			isa = XCBuildConfiguration;
			buildSettings = {
				ALWAYS_SEARCH_USER_PATHS = NO;
				CLANG_ANALYZER_NONNULL = YES;
				CLANG_ANALYZER_NUMBER_OBJECT_CONVERSION = YES_AGGRESSIVE;
				CLANG_CXX_LANGUAGE_STANDARD = "gnu++14";
				CLANG_CXX_LIBRARY = "libc++";
				CLANG_ENABLE_MODULES = YES;
				CLANG_ENABLE_OBJC_ARC = YES;
				CLANG_ENABLE_OBJC_WEAK = YES;
				CLANG_WARN_BLOCK_CAPTURE_AUTORELEASING = YES;
				CLANG_WARN_BOOL_CONVERSION = YES;
				CLANG_WARN_COMMA = YES;
				CLANG_WARN_CONSTANT_CONVERSION = YES;
				CLANG_WARN_DEPRECATED_OBJC_IMPLEMENTATIONS = YES;
				CLANG_WARN_DIRECT_OBJC_ISA_USAGE = YES_ERROR;
				CLANG_WARN_DOCUMENTATION_COMMENTS = YES;
				CLANG_WARN_EMPTY_BODY = YES;
				CLANG_WARN_ENUM_CONVERSION = YES;
				CLANG_WARN_INFINITE_RECURSION = YES;
				CLANG_WARN_INT_CONVERSION = YES;
				CLANG_WARN_NON_LITERAL_NULL_CONVERSION = YES;
				CLANG_WARN_OBJC_IMPLICIT_RETAIN_SELF = YES;
				CLANG_WARN_OBJC_LITERAL_CONVERSION = YES;
				CLANG_WARN_OBJC_ROOT_CLASS = YES_ERROR;
				CLANG_WARN_RANGE_LOOP_ANALYSIS = YES;
				CLANG_WARN_STRICT_PROTOTYPES = YES;
				CLANG_WARN_SUSPICIOUS_MOVE = YES;
				CLANG_WARN_UNGUARDED_AVAILABILITY = YES_AGGRESSIVE;
				CLANG_WARN_UNREACHABLE_CODE = YES;
				CLANG_WARN__DUPLICATE_METHOD_MATCH = YES;
				CODE_SIGN_IDENTITY = "iPhone Developer";
				COPY_PHASE_STRIP = NO;
				DEBUG_INFORMATION_FORMAT = "dwarf-with-dsym";
				ENABLE_NS_ASSERTIONS = NO;
				ENABLE_STRICT_OBJC_MSGSEND = YES;
				GCC_C_LANGUAGE_STANDARD = gnu11;
				GCC_NO_COMMON_BLOCKS = YES;
				GCC_WARN_64_TO_32_BIT_CONVERSION = YES;
				GCC_WARN_ABOUT_RETURN_TYPE = YES_ERROR;
				GCC_WARN_UNDECLARED_SELECTOR = YES;
				GCC_WARN_UNINITIALIZED_AUTOS = YES_AGGRESSIVE;
				GCC_WARN_UNUSED_FUNCTION = YES;
				GCC_WARN_UNUSED_VARIABLE = YES;
				IPHONEOS_DEPLOYMENT_TARGET = 11.3;
				MTL_ENABLE_DEBUG_INFO = NO;
				SDKROOT = iphoneos;
				VALIDATE_PRODUCT = YES;
			};
			name = Release;
		};
		1832C2DE20A17FE800D671ED /* Debug */ = {
			isa = XCBuildConfiguration;
			buildSettings = {
				ASSETCATALOG_COMPILER_APPICON_NAME = AppIcon;
				CODE_SIGN_STYLE = Automatic;
				DEVELOPMENT_TEAM = 29W9687J6A;
				INFOPLIST_FILE = YMTestPush/Info.plist;
				IPHONEOS_DEPLOYMENT_TARGET = 8.0;
				LD_RUNPATH_SEARCH_PATHS = (
					"$(inherited)",
					"@executable_path/Frameworks",
				);
				PRODUCT_BUNDLE_IDENTIFIER = com.YM.YMTestPush;
				PRODUCT_NAME = "$(TARGET_NAME)";
				TARGETED_DEVICE_FAMILY = "1,2";
			};
			name = Debug;
		};
		1832C2DF20A17FE800D671ED /* Release */ = {
			isa = XCBuildConfiguration;
			buildSettings = {
				ASSETCATALOG_COMPILER_APPICON_NAME = AppIcon;
				CODE_SIGN_STYLE = Automatic;
				DEVELOPMENT_TEAM = 29W9687J6A;
				INFOPLIST_FILE = YMTestPush/Info.plist;
				IPHONEOS_DEPLOYMENT_TARGET = 8.0;
				LD_RUNPATH_SEARCH_PATHS = (
					"$(inherited)",
					"@executable_path/Frameworks",
				);
				PRODUCT_BUNDLE_IDENTIFIER = com.YM.YMTestPush;
				PRODUCT_NAME = "$(TARGET_NAME)";
				TARGETED_DEVICE_FAMILY = "1,2";
			};
			name = Release;
		};
		1832C2E120A17FE800D671ED /* Debug */ = {
			isa = XCBuildConfiguration;
			buildSettings = {
				BUNDLE_LOADER = "$(TEST_HOST)";
				CODE_SIGN_STYLE = Automatic;
				DEVELOPMENT_TEAM = 29W9687J6A;
				INFOPLIST_FILE = YMTestPushTests/Info.plist;
				LD_RUNPATH_SEARCH_PATHS = (
					"$(inherited)",
					"@executable_path/Frameworks",
					"@loader_path/Frameworks",
				);
				PRODUCT_BUNDLE_IDENTIFIER = com.YM.YMTestPushTests;
				PRODUCT_NAME = "$(TARGET_NAME)";
				TARGETED_DEVICE_FAMILY = "1,2";
				TEST_HOST = "$(BUILT_PRODUCTS_DIR)/YMTestPush.app/YMTestPush";
			};
			name = Debug;
		};
		1832C2E220A17FE800D671ED /* Release */ = {
			isa = XCBuildConfiguration;
			buildSettings = {
				BUNDLE_LOADER = "$(TEST_HOST)";
				CODE_SIGN_STYLE = Automatic;
				DEVELOPMENT_TEAM = 29W9687J6A;
				INFOPLIST_FILE = YMTestPushTests/Info.plist;
				LD_RUNPATH_SEARCH_PATHS = (
					"$(inherited)",
					"@executable_path/Frameworks",
					"@loader_path/Frameworks",
				);
				PRODUCT_BUNDLE_IDENTIFIER = com.YM.YMTestPushTests;
				PRODUCT_NAME = "$(TARGET_NAME)";
				TARGETED_DEVICE_FAMILY = "1,2";
				TEST_HOST = "$(BUILT_PRODUCTS_DIR)/YMTestPush.app/YMTestPush";
			};
			name = Release;
		};
		1832C2E420A17FE800D671ED /* Debug */ = {
			isa = XCBuildConfiguration;
			buildSettings = {
				CODE_SIGN_STYLE = Automatic;
				DEVELOPMENT_TEAM = 29W9687J6A;
				INFOPLIST_FILE = YMTestPushUITests/Info.plist;
				LD_RUNPATH_SEARCH_PATHS = (
					"$(inherited)",
					"@executable_path/Frameworks",
					"@loader_path/Frameworks",
				);
				PRODUCT_BUNDLE_IDENTIFIER = com.YM.YMTestPushUITests;
				PRODUCT_NAME = "$(TARGET_NAME)";
				TARGETED_DEVICE_FAMILY = "1,2";
				TEST_TARGET_NAME = YMTestPush;
			};
			name = Debug;
		};
		1832C2E520A17FE800D671ED /* Release */ = {
			isa = XCBuildConfiguration;
			buildSettings = {
				CODE_SIGN_STYLE = Automatic;
				DEVELOPMENT_TEAM = 29W9687J6A;
				INFOPLIST_FILE = YMTestPushUITests/Info.plist;
				LD_RUNPATH_SEARCH_PATHS = (
					"$(inherited)",
					"@executable_path/Frameworks",
					"@loader_path/Frameworks",
				);
				PRODUCT_BUNDLE_IDENTIFIER = com.YM.YMTestPushUITests;
				PRODUCT_NAME = "$(TARGET_NAME)";
				TARGETED_DEVICE_FAMILY = "1,2";
				TEST_TARGET_NAME = YMTestPush;
			};
			name = Release;
		};
/* End XCBuildConfiguration section */

/* Begin XCConfigurationList section */
		1832C2AC20A17FE400D671ED /* Build configuration list for PBXProject "YMTestPush" */ = {
			isa = XCConfigurationList;
			buildConfigurations = (
				1832C2DB20A17FE800D671ED /* Debug */,
				1832C2DC20A17FE800D671ED /* Release */,
			);
			defaultConfigurationIsVisible = 0;
			defaultConfigurationName = Release;
		};
		1832C2DD20A17FE800D671ED /* Build configuration list for PBXNativeTarget "YMTestPush" */ = {
			isa = XCConfigurationList;
			buildConfigurations = (
				1832C2DE20A17FE800D671ED /* Debug */,
				1832C2DF20A17FE800D671ED /* Release */,
			);
			defaultConfigurationIsVisible = 0;
			defaultConfigurationName = Release;
		};
		1832C2E020A17FE800D671ED /* Build configuration list for PBXNativeTarget "YMTestPushTests" */ = {
			isa = XCConfigurationList;
			buildConfigurations = (
				1832C2E120A17FE800D671ED /* Debug */,
				1832C2E220A17FE800D671ED /* Release */,
			);
			defaultConfigurationIsVisible = 0;
			defaultConfigurationName = Release;
		};
		1832C2E320A17FE800D671ED /* Build configuration list for PBXNativeTarget "YMTestPushUITests" */ = {
			isa = XCConfigurationList;
			buildConfigurations = (
				1832C2E420A17FE800D671ED /* Debug */,
				1832C2E520A17FE800D671ED /* Release */,
			);
			defaultConfigurationIsVisible = 0;
			defaultConfigurationName = Release;
		};
/* End XCConfigurationList section */
	};
	rootObject = 1832C2A920A17FE400D671ED /* Project object */;
}
